
Microsoft Visual Studio Solution File, Format Version 12.00
# Visual Studio Version 16
VisualStudioVersion = 16.0.30621.155
MinimumVisualStudioVersion = 10.0.40219.1
Project("{A0786B88-2ADB-4C21-ABE8-AA2D79766269}") = "ms-application-insights-laravel", "ms-application-insights-laravel.phpproj", "{A659A40B-E071-420B-A750-F2FC319BFF81}"
EndProject
Global
	GlobalSection(SolutionConfigurationPlatforms) = preSolution
		Debug|Any CPU = Debug|Any CPU
		Release|Any CPU = Release|Any CPU
	EndGlobalSection
	GlobalSection(ProjectConfigurationPlatforms) = postSolution
		{A659A40B-E071-420B-A750-F2FC319BFF81}.Debug|Any CPU.ActiveCfg = Debug|Any CPU
		{A659A40B-E071-420B-A750-F2FC319BFF81}.Release|Any CPU.ActiveCfg = Release|Any CPU
	EndGlobalSection
	GlobalSection(SolutionProperties) = preSolution
		HideSolutionNode = FALSE
	EndGlobalSection
	GlobalSection(ExtensibilityGlobals) = postSolution
		SolutionGuid = {10A26D3B-F242-4810-A6EF-295D0EBC4A5D}
	EndGlobalSection
EndGlobal
